
Microsoft Visual Studio Solution File, Format Version 12.00
# Visual Studio Version 17
VisualStudioVersion = 17.3.32922.545
MinimumVisualStudioVersion = 10.0.40219.1
Project("{FAE04EC0-301F-11D3-BF4B-00C04F79EFBC}") = "Cal1", "Cal1\Cal1.csproj", "{F6A90D68-027C-4818-AF19-A0DD682EB56C}"
EndProject
Global
	GlobalSection(SolutionConfigurationPlatforms) = preSolution
		Debug|Any CPU = Debug|Any CPU
		Release|Any CPU = Release|Any CPU
	EndGlobalSection
	GlobalSection(ProjectConfigurationPlatforms) = postSolution
		{F6A90D68-027C-4818-AF19-A0DD682EB56C}.Debug|Any CPU.ActiveCfg = Debug|Any CPU
		{F6A90D68-027C-4818-AF19-A0DD682EB56C}.Debug|Any CPU.Build.0 = Debug|Any CPU
		{F6A90D68-027C-4818-AF19-A0DD682EB56C}.Release|Any CPU.ActiveCfg = Release|Any CPU
		{F6A90D68-027C-4818-AF19-A0DD682EB56C}.Release|Any CPU.Build.0 = Release|Any CPU
	EndGlobalSection
	GlobalSection(SolutionProperties) = preSolution
		HideSolutionNode = FALSE
	EndGlobalSection
	GlobalSection(ExtensibilityGlobals) = postSolution
		SolutionGuid = {88216C30-3249-49E9-AB62-DD42785D417D}
	EndGlobalSection
EndGlobal
